
Microsoft Visual Studio Solution File, Format Version 12.00
# Visual Studio Version 16
VisualStudioVersion = 16.0.29318.209
MinimumVisualStudioVersion = 10.0.40219.1
Project("{FAE04EC0-301F-11D3-BF4B-00C04F79EFBC}") = "DurableFunction", "DurableFunction\DurableFunction.csproj", "{C341E58D-2544-4CC8-BB66-E7F1A6CD4D04}"
EndProject
Global
	GlobalSection(SolutionConfigurationPlatforms) = preSolution
		Debug|Any CPU = Debug|Any CPU
		Release|Any CPU = Release|Any CPU
	EndGlobalSection
	GlobalSection(ProjectConfigurationPlatforms) = postSolution
		{C341E58D-2544-4CC8-BB66-E7F1A6CD4D04}.Debug|Any CPU.ActiveCfg = Debug|Any CPU
		{C341E58D-2544-4CC8-BB66-E7F1A6CD4D04}.Debug|Any CPU.Build.0 = Debug|Any CPU
		{C341E58D-2544-4CC8-BB66-E7F1A6CD4D04}.Release|Any CPU.ActiveCfg = Release|Any CPU
		{C341E58D-2544-4CC8-BB66-E7F1A6CD4D04}.Release|Any CPU.Build.0 = Release|Any CPU
	EndGlobalSection
	GlobalSection(SolutionProperties) = preSolution
		HideSolutionNode = FALSE
	EndGlobalSection
	GlobalSection(ExtensibilityGlobals) = postSolution
		SolutionGuid = {C66BB2EB-507A-46C1-A42D-11B404547232}
	EndGlobalSection
EndGlobal
